github.com/go-chi/chi v4.1.1+incompatible h1:MmTgB0R8Bt/jccxp+t6S/1VGIKdJw5J74CK/c9tTfA4=
github.com/go-chi/chi v4.1.1+incompatible/go.mod h1:eB3wogJHnLi3x/kFX2A+IbTBlXxmMeXJVKy9tTv1XzQ=
github.com/google/go-cmp v0.4.0/go.mod h1:v8dTdLbMG2kIc/vJvl+f65V22dbkXbowE6jgT/gNBxE=
github.com/gorilla/mux v1.7.4 h1:VuZ8uybHlWmqV03+zRzdwKL4tUnIp1MAQtp1mIFE1bc=
github.com/gorilla/mux v1.7.4/go.mod h1:DVbg23sWSpFRCP0SfiEN6jmj59UnW/n46BH5rLB71So=
github.com/mishudark/errors v0.0.0-20190221111348-b16f7e94bb58 h1:GrgbFS8KSGgSqsMbLod+cg9b/rHhaIvp/LFayLtDtio=
github.com/mishudark/errors v0.0.0-20190221111348-b16f7e94bb58/go.mod h1:a4Itg6NPUPc0Wt6nEc6X6UZwZf66ZSAWclh7ovJOyDw=
github.com/mishudark/magic v0.0.0-20200508153220-5d15cea31bd1 h1:zvIWijSxNKf6edDdL/CfnA1FfFSzDiwws4HlY+2VBfs=
github.com/mishudark/magic v0.0.0-20200508153220-5d15cea31bd1/go.mod h1:O/VVOX9p4cZR+pcz9dZ5G4mb1LuMg96cXMagfvgbyyU=
github.com/mishudark/magic v0.0.0-20200508153917-1a13751f1a5a h1:JPkwQnIStfhgx8qZEuwiHBM9zgxO/8LuECQdJxN6eHU=
github.com/mishudark/magic v0.0.0-20200508153917-1a13751f1a5a/go.mod h1:O/VVOX9p4cZR+pcz9dZ5G4mb1LuMg96cXMagfvgbyyU=
golang.org/x/xerrors v0.0.0-20191204190536-9bdfabe68543/go.mod h1:I/5z698sn9Ka8TeJc9MKroUUfqBBauWjQqLJ2OPfmY0=
